# This file is autogenerated, do not edit; changes may be undone by the next 'dep ensure'.


[[projects]]
  name = "github.com/antchfx/xpath"
  packages = ["."]
  revision = "1f3266e7730781347c9decd229c1fe1c18be760c"

[[projects]]
  name = "github.com/fsouza/go-dockerclient"
  packages = [".","external/github.com/Sirupsen/logrus","external/github.com/docker/docker/opts","external/github.com/docker/docker/pkg/archive","external/github.com/docker/docker/pkg/fileutils","external/github.com/docker/docker/pkg/homedir","external/github.com/docker/docker/pkg/idtools","external/github.com/docker/docker/pkg/ioutils","external/github.com/docker/docker/pkg/longpath","external/github.com/docker/docker/pkg/pools","external/github.com/docker/docker/pkg/promise","external/github.com/docker/docker/pkg/stdcopy","external/github.com/docker/docker/pkg/system","external/github.com/docker/go-units","external/github.com/hashicorp/go-cleanhttp","external/github.com/opencontainers/runc/libcontainer/user","external/golang.org/x/net/context","external/golang.org/x/sys/unix"]
  revision = "bf97c77db7c945cbcdbf09d56c6f87a66f54537b"

[[projects]]
  branch = "master"
  name = "github.com/golang/glog"
  packages = ["."]
  revision = "23def4e6c14b4da8ac2ed8007337bc5eb5007998"

[[projects]]
  branch = "master"
  name = "github.com/openshift/clam-scanner"
  packages = ["pkg/clamav"]
  revision = "f34ad6de7f7afff39452e0e11f8549939e067b06"

[[projects]]
  name = "github.com/subchen/go-xmldom"
  packages = ["."]
  revision = "93fb82989feca2cc04221f1483c8fe1dc98ed503"
  version = "v1.1.0"

[[projects]]
  name = "golang.org/x/net"
  packages = ["webdav","webdav/internal/xml"]
  revision = "e90d6d0afc4c315a0d87a568ae68577cc15149a0"

[solve-meta]
  analyzer-name = "dep"
  analyzer-version = 1
  inputs-digest = "7db45c00b13647e675385979ff2b06636b9a9487bed8e4505f742ac7145a4b41"
  solver-name = "gps-cdcl"
  solver-version = 1
